
Microsoft Visual Studio Solution File, Format Version 12.00
# Visual Studio Version 16
VisualStudioVersion = 16.0.31105.61
MinimumVisualStudioVersion = 10.0.40219.1
Project("{9A19103F-16F7-4668-BE54-9A1E7A4F7556}") = "mgiSite", "mgiSite\mgiSite.csproj", "{896E99B7-3733-4036-8E06-69BB50E1DD87}"
EndProject
Global
	GlobalSection(SolutionConfigurationPlatforms) = preSolution
		Debug|Any CPU = Debug|Any CPU
		Release|Any CPU = Release|Any CPU
	EndGlobalSection
	GlobalSection(ProjectConfigurationPlatforms) = postSolution
		{896E99B7-3733-4036-8E06-69BB50E1DD87}.Debug|Any CPU.ActiveCfg = Debug|Any CPU
		{896E99B7-3733-4036-8E06-69BB50E1DD87}.Debug|Any CPU.Build.0 = Debug|Any CPU
		{896E99B7-3733-4036-8E06-69BB50E1DD87}.Release|Any CPU.ActiveCfg = Release|Any CPU
		{896E99B7-3733-4036-8E06-69BB50E1DD87}.Release|Any CPU.Build.0 = Release|Any CPU
	EndGlobalSection
	GlobalSection(SolutionProperties) = preSolution
		HideSolutionNode = FALSE
	EndGlobalSection
	GlobalSection(ExtensibilityGlobals) = postSolution
		SolutionGuid = {4A06D9A5-D5DF-4DA0-B981-17739B5408A1}
	EndGlobalSection
EndGlobal
